{
  "name": "WorldEditAdditions",
  "lockfileVersion": 3,
  "requires": true,
  "packages": {
    "": {
      "dependencies": {
        "keen-slider": "^6.8.6"
      }
    },
    "node_modules/keen-slider": {
      "version": "6.8.6",
      "resolved": "https://registry.npmjs.org/keen-slider/-/keen-slider-6.8.6.tgz",
      "integrity": "sha512-dcEQ7GDBpCjUQA8XZeWh3oBBLLmyn8aoeIQFGL/NTVkoEOsmlnXqA4QykUm/SncolAZYGsEk/PfUhLZ7mwMM2w=="
    }
  }
}
